
Microsoft Visual Studio Solution File, Format Version 12.00
# Visual Studio Version 17
VisualStudioVersion = 17.14.36221.1 d17.14
MinimumVisualStudioVersion = 10.0.40219.1
Project("{FAE04EC0-301F-11D3-BF4B-00C04F79EFBC}") = "SupportDashboard", "SupportDashboard.csproj", "{5F172EDE-2D71-1FBE-75C2-31C8ACFBA874}"
EndProject
Global
	GlobalSection(SolutionConfigurationPlatforms) = preSolution
		Debug|Any CPU = Debug|Any CPU
		Release|Any CPU = Release|Any CPU
	EndGlobalSection
	GlobalSection(ProjectConfigurationPlatforms) = postSolution
		{5F172EDE-2D71-1FBE-75C2-31C8ACFBA874}.Debug|Any CPU.ActiveCfg = Debug|Any CPU
		{5F172EDE-2D71-1FBE-75C2-31C8ACFBA874}.Debug|Any CPU.Build.0 = Debug|Any CPU
		{5F172EDE-2D71-1FBE-75C2-31C8ACFBA874}.Release|Any CPU.ActiveCfg = Release|Any CPU
		{5F172EDE-2D71-1FBE-75C2-31C8ACFBA874}.Release|Any CPU.Build.0 = Release|Any CPU
	EndGlobalSection
	GlobalSection(SolutionProperties) = preSolution
		HideSolutionNode = FALSE
	EndGlobalSection
	GlobalSection(ExtensibilityGlobals) = postSolution
		SolutionGuid = {27160B58-B344-483E-9AAB-CCD70B1DB873}
	EndGlobalSection
EndGlobal
